
Microsoft Visual Studio Solution File, Format Version 12.00
# Visual Studio 14
VisualStudioVersion = 14.0.25420.1
MinimumVisualStudioVersion = 10.0.40219.1
Project("{FC65038C-1B2F-41E1-A629-BED71D161FFF}") = "FinanceOperations5 (ISV) [Fleet Management]", "FinanceOperations5\FinanceOperations5.rnrproj", "{33EC30A7-B4C9-4EB8-B295-BD80E5EC2C38}"
EndProject
Global
	GlobalSection(SolutionConfigurationPlatforms) = preSolution
		Debug|Any CPU = Debug|Any CPU
	EndGlobalSection
	GlobalSection(ProjectConfigurationPlatforms) = postSolution
		{33EC30A7-B4C9-4EB8-B295-BD80E5EC2C38}.Debug|Any CPU.ActiveCfg = Debug|Any CPU
		{33EC30A7-B4C9-4EB8-B295-BD80E5EC2C38}.Debug|Any CPU.Build.0 = Debug|Any CPU
	EndGlobalSection
	GlobalSection(SolutionProperties) = preSolution
		HideSolutionNode = FALSE
	EndGlobalSection
EndGlobal
